
Microsoft Visual Studio Solution File, Format Version 10.00
# Visual C++ Express 2008
Project("{8BC9CEB8-8B4A-11D0-8D11-00A0C91BC942}") = "letnyaya practika", "letnyaya practika\letnyaya practika.vcproj", "{ADAA0DC4-6CC9-4EFB-B051-1DE65986D280}"
EndProject
Global
	GlobalSection(SolutionConfigurationPlatforms) = preSolution
		Debug|Win32 = Debug|Win32
		Release|Win32 = Release|Win32
	EndGlobalSection
	GlobalSection(ProjectConfigurationPlatforms) = postSolution
		{ADAA0DC4-6CC9-4EFB-B051-1DE65986D280}.Debug|Win32.ActiveCfg = Debug|Win32
		{ADAA0DC4-6CC9-4EFB-B051-1DE65986D280}.Debug|Win32.Build.0 = Debug|Win32
		{ADAA0DC4-6CC9-4EFB-B051-1DE65986D280}.Release|Win32.ActiveCfg = Release|Win32
		{ADAA0DC4-6CC9-4EFB-B051-1DE65986D280}.Release|Win32.Build.0 = Release|Win32
	EndGlobalSection
	GlobalSection(SolutionProperties) = preSolution
		HideSolutionNode = FALSE
	EndGlobalSection
EndGlobal
